// !$*UTF8*$!
{
	archiveVersion = 1;
	classes = {
	};
	objectVersion = 46;
	objects = {

/* Begin PBXBuildFile section */
		9407ABB913D73C2A004C6B10 /* UIKit.framework in Frameworks */ = {isa = PBXBuildFile; fileRef = 9407ABB813D73C2A004C6B10 /* UIKit.framework */; };
		9407ABBB13D73C2A004C6B10 /* Foundation.framework in Frameworks */ = {isa = PBXBuildFile; fileRef = 9407ABBA13D73C2A004C6B10 /* Foundation.framework */; };
		9407ABBD13D73C2A004C6B10 /* CoreGraphics.framework in Frameworks */ = {isa = PBXBuildFile; fileRef = 9407ABBC13D73C2A004C6B10 /* CoreGraphics.framework */; };
		9407ABC313D73C2A004C6B10 /* InfoPlist.strings in Resources */ = {isa = PBXBuildFile; fileRef = 9407ABC113D73C2A004C6B10 /* InfoPlist.strings */; };
		9407ABC513D73C2A004C6B10 /* main.m in Sources */ = {isa = PBXBuildFile; fileRef = 9407ABC413D73C2A004C6B10 /* main.m */; };
		9407ABC913D73C2A004C6B10 /* VerticalTableViewAppDelegate.m in Sources */ = {isa = PBXBuildFile; fileRef = 9407ABC813D73C2A004C6B10 /* VerticalTableViewAppDelegate.m */; };
		9407ABCB13D73C2A004C6B10 /* VerticalTableViewViewController.h in Resources */ = {isa = PBXBuildFile; fileRef = 9407ABCA13D73C2A004C6B10 /* VerticalTableViewViewController.h */; };
		9407ABCD13D73C2A004C6B10 /* VerticalTableViewViewController.m in Sources */ = {isa = PBXBuildFile; fileRef = 9407ABCC13D73C2A004C6B10 /* VerticalTableViewViewController.m */; };
		9407ABD013D73C2A004C6B10 /* VerticalTableViewViewController.xib in Resources */ = {isa = PBXBuildFile; fileRef = 9407ABCE13D73C2A004C6B10 /* VerticalTableViewViewController.xib */; };
/* End PBXBuildFile section */

/* Begin PBXFileReference section */
		9407ABB413D73C2A004C6B10 /* VerticalTableView.app */ = {isa = PBXFileReference; explicitFileType = wrapper.application; includeInIndex = 0; path = VerticalTableView.app; sourceTree = BUILT_PRODUCTS_DIR; };
		9407ABB813D73C2A004C6B10 /* UIKit.framework */ = {isa = PBXFileReference; lastKnownFileType = wrapper.framework; name = UIKit.framework; path = System/Library/Frameworks/UIKit.framework; sourceTree = SDKROOT; };
		9407ABBA13D73C2A004C6B10 /* Foundation.framework */ = {isa = PBXFileReference; lastKnownFileType = wrapper.framework; name = Foundation.framework; path = System/Library/Frameworks/Foundation.framework; sourceTree = SDKROOT; };
		9407ABBC13D73C2A004C6B10 /* CoreGraphics.framework */ = {isa = PBXFileReference; lastKnownFileType = wrapper.framework; name = CoreGraphics.framework; path = System/Library/Frameworks/CoreGraphics.framework; sourceTree = SDKROOT; };
		9407ABC013D73C2A004C6B10 /* VerticalTableView-Info.plist */ = {isa = PBXFileReference; path = "VerticalTableView-Info.plist"; sourceTree = "<group>"; };
		9407ABC213D73C2A004C6B10 /* en */ = {isa = PBXFileReference; lastKnownFileType = text.plist.strings; name = en; path = en.lproj/InfoPlist.strings; sourceTree = "<group>"; };
		9407ABC413D73C2A004C6B10 /* main.m */ = {isa = PBXFileReference; lastKnownFileType = sourcecode.c.objc; path = main.m; sourceTree = "<group>"; };
		9407ABC613D73C2A004C6B10 /* VerticalTableView-Prefix.pch */ = {isa = PBXFileReference; path = "VerticalTableView-Prefix.pch"; sourceTree = "<group>"; };
		9407ABC713D73C2A004C6B10 /* VerticalTableViewAppDelegate.h */ = {isa = PBXFileReference; path = VerticalTableViewAppDelegate.h; sourceTree = "<group>"; };
		9407ABC813D73C2A004C6B10 /* VerticalTableViewAppDelegate.m */ = {isa = PBXFileReference; lastKnownFileType = sourcecode.c.objc; path = VerticalTableViewAppDelegate.m; sourceTree = "<group>"; };
		9407ABCA13D73C2A004C6B10 /* VerticalTableViewViewController.h */ = {isa = PBXFileReference; lastKnownFileType = sourcecode.c.h; path = VerticalTableViewViewController.h; sourceTree = "<group>"; };
		9407ABCC13D73C2A004C6B10 /* VerticalTableViewViewController.m */ = {isa = PBXFileReference; lastKnownFileType = sourcecode.c.objc; path = VerticalTableViewViewController.m; sourceTree = "<group>"; };
		9407ABCF13D73C2A004C6B10 /* en */ = {isa = PBXFileReference; lastKnownFileType = file.xib; name = en; path = en.lproj/VerticalTableViewViewController.xib; sourceTree = "<group>"; };
/* End PBXFileReference section */

/* Begin PBXFrameworksBuildPhase section */
		9407ABB113D73C2A004C6B10 /* Frameworks */ = {
			isa = PBXFrameworksBuildPhase;
			buildActionMask = 2147483647;
			files = (
				9407ABB913D73C2A004C6B10 /* UIKit.framework in Frameworks */,
				9407ABBB13D73C2A004C6B10 /* Foundation.framework in Frameworks */,
				9407ABBD13D73C2A004C6B10 /* CoreGraphics.framework in Frameworks */,
			);
			runOnlyForDeploymentPostprocessing = 0;
		};
/* End PBXFrameworksBuildPhase section */

/* Begin PBXGroup section */
		9407ABA913D73C2A004C6B10 = {
			isa = PBXGroup;
			children = (
				9407ABBE13D73C2A004C6B10 /* VerticalTableView */,
				9407ABB713D73C2A004C6B10 /* Frameworks */,
				9407ABB513D73C2A004C6B10 /* Products */,
			);
			sourceTree = "<group>";
		};
		9407ABB513D73C2A004C6B10 /* Products */ = {
			isa = PBXGroup;
			children = (
				9407ABB413D73C2A004C6B10 /* VerticalTableView.app */,
			);
			name = Products;
			sourceTree = "<group>";
		};
		9407ABB713D73C2A004C6B10 /* Frameworks */ = {
			isa = PBXGroup;
			children = (
				9407ABB813D73C2A004C6B10 /* UIKit.framework */,
				9407ABBA13D73C2A004C6B10 /* Foundation.framework */,
				9407ABBC13D73C2A004C6B10 /* CoreGraphics.framework */,
			);
			name = Frameworks;
			sourceTree = "<group>";
		};
		9407ABBE13D73C2A004C6B10 /* VerticalTableView */ = {
			isa = PBXGroup;
			children = (
				9407ABC713D73C2A004C6B10 /* VerticalTableViewAppDelegate.h */,
				9407ABC813D73C2A004C6B10 /* VerticalTableViewAppDelegate.m */,
				9407ABCA13D73C2A004C6B10 /* VerticalTableViewViewController.h */,
				9407ABCC13D73C2A004C6B10 /* VerticalTableViewViewController.m */,
				9407ABCE13D73C2A004C6B10 /* VerticalTableViewViewController.xib */,
				9407ABBF13D73C2A004C6B10 /* Supporting Files */,
			);
			path = VerticalTableView;
			sourceTree = "<group>";
		};
		9407ABBF13D73C2A004C6B10 /* Supporting Files */ = {
			isa = PBXGroup;
			children = (
				9407ABC013D73C2A004C6B10 /* VerticalTableView-Info.plist */,
				9407ABC113D73C2A004C6B10 /* InfoPlist.strings */,
				9407ABC413D73C2A004C6B10 /* main.m */,
				9407ABC613D73C2A004C6B10 /* VerticalTableView-Prefix.pch */,
			);
			name = "Supporting Files";
			sourceTree = "<group>";
		};
/* End PBXGroup section */

/* Begin PBXNativeTarget section */
		9407ABB313D73C2A004C6B10 /* VerticalTableView */ = {
			isa = PBXNativeTarget;
			buildConfigurationList = 9407ABD313D73C2A004C6B10 /* Build configuration list for PBXNativeTarget "VerticalTableView" */;
			buildPhases = (
				9407ABB013D73C2A004C6B10 /* Sources */,
				9407ABB113D73C2A004C6B10 /* Frameworks */,
				9407ABB213D73C2A004C6B10 /* Resources */,
			);
			buildRules = (
			);
			dependencies = (
			);
			name = VerticalTableView;
			productName = VerticalTableView;
			productReference = 9407ABB413D73C2A004C6B10 /* VerticalTableView.app */;
			productType = "com.apple.product-type.application";
		};
/* End PBXNativeTarget section */

/* Begin PBXProject section */
		9407ABAB13D73C2A004C6B10 /* Project object */ = {
			isa = PBXProject;
			buildConfigurationList = 9407ABAE13D73C2A004C6B10 /* Build configuration list for PBXProject "VerticalTableView" */;
			compatibilityVersion = "Xcode 3.2";
			developmentRegion = English;
			hasScannedForEncodings = 0;
			knownRegions = (
				en,
			);
			mainGroup = 9407ABA913D73C2A004C6B10;
			productRefGroup = 9407ABB513D73C2A004C6B10 /* Products */;
			projectDirPath = "";
			projectRoot = "";
			targets = (
				9407ABB313D73C2A004C6B10 /* VerticalTableView */,
			);
		};
/* End PBXProject section */

/* Begin PBXResourcesBuildPhase section */
		9407ABB213D73C2A004C6B10 /* Resources */ = {
			isa = PBXResourcesBuildPhase;
			buildActionMask = 2147483647;
			files = (
				9407ABC313D73C2A004C6B10 /* InfoPlist.strings in Resources */,
				9407ABCB13D73C2A004C6B10 /* VerticalTableViewViewController.h in Resources */,
				9407ABD013D73C2A004C6B10 /* VerticalTableViewViewController.xib in Resources */,
			);
			runOnlyForDeploymentPostprocessing = 0;
		};
/* End PBXResourcesBuildPhase section */

/* Begin PBXSourcesBuildPhase section */
		9407ABB013D73C2A004C6B10 /* Sources */ = {
			isa = PBXSourcesBuildPhase;
			buildActionMask = 2147483647;
			files = (
				9407ABC513D73C2A004C6B10 /* main.m in Sources */,
				9407ABC913D73C2A004C6B10 /* VerticalTableViewAppDelegate.m in Sources */,
				9407ABCD13D73C2A004C6B10 /* VerticalTableViewViewController.m in Sources */,
			);
			runOnlyForDeploymentPostprocessing = 0;
		};
/* End PBXSourcesBuildPhase section */

/* Begin PBXVariantGroup section */
		9407ABC113D73C2A004C6B10 /* InfoPlist.strings */ = {
			isa = PBXVariantGroup;
			children = (
				9407ABC213D73C2A004C6B10 /* en */,
			);
			name = InfoPlist.strings;
			sourceTree = "<group>";
		};
		9407ABCE13D73C2A004C6B10 /* VerticalTableViewViewController.xib */ = {
			isa = PBXVariantGroup;
			children = (
				9407ABCF13D73C2A004C6B10 /* en */,
			);
			name = VerticalTableViewViewController.xib;
			sourceTree = "<group>";
		};
/* End PBXVariantGroup section */

/* Begin XCBuildConfiguration section */
		9407ABD113D73C2A004C6B10 /* Debug */ = {
			isa = XCBuildConfiguration;
			buildSettings = {
				ALWAYS_SEARCH_USER_PATHS = NO;
				ARCHS = "$(ARCHS_STANDARD_32_BIT)";
				CLANG_ENABLE_OBJC_ARC = YES;
				"CODE_SIGN_IDENTITY[sdk=iphoneos*]" = "iPhone Developer";
				COPY_PHASE_STRIP = NO;
				GCC_C_LANGUAGE_STANDARD = gnu99;
				GCC_DYNAMIC_NO_PIC = NO;
				GCC_OPTIMIZATION_LEVEL = 0;
				GCC_PREPROCESSOR_DEFINITIONS = (
					"DEBUG=1",
					"$(inherited)",
				);
				GCC_SYMBOLS_PRIVATE_EXTERN = NO;
				GCC_VERSION = com.apple.compilers.llvm.clang.1_0;
				GCC_WARN_ABOUT_MISSING_PROTOTYPES = YES;
				GCC_WARN_ABOUT_RETURN_TYPE = YES;
				GCC_WARN_UNUSED_VARIABLE = YES;
				IPHONEOS_DEPLOYMENT_TARGET = 5.0;
				SDKROOT = iphoneos;
			};
			name = Debug;
		};
		9407ABD213D73C2A004C6B10 /* Release */ = {
			isa = XCBuildConfiguration;
			buildSettings = {
				ALWAYS_SEARCH_USER_PATHS = NO;
				ARCHS = "$(ARCHS_STANDARD_32_BIT)";
				CLANG_ENABLE_OBJC_ARC = YES;
				"CODE_SIGN_IDENTITY[sdk=iphoneos*]" = "iPhone Developer";
				COPY_PHASE_STRIP = YES;
				GCC_C_LANGUAGE_STANDARD = gnu99;
				GCC_VERSION = com.apple.compilers.llvm.clang.1_0;
				GCC_WARN_ABOUT_MISSING_PROTOTYPES = YES;
				GCC_WARN_ABOUT_RETURN_TYPE = YES;
				GCC_WARN_UNUSED_VARIABLE = YES;
				IPHONEOS_DEPLOYMENT_TARGET = 5.0;
				OTHER_CFLAGS = "-DNS_BLOCK_ASSERTIONS=1";
				SDKROOT = iphoneos;
				VALIDATE_PRODUCT = YES;
			};
			name = Release;
		};
		9407ABD413D73C2A004C6B10 /* Debug */ = {
			isa = XCBuildConfiguration;
			buildSettings = {
				GCC_PRECOMPILE_PREFIX_HEADER = YES;
				GCC_PREFIX_HEADER = "VerticalTableView/VerticalTableView-Prefix.pch";
				INFOPLIST_FILE = "VerticalTableView/VerticalTableView-Info.plist";
				PRODUCT_NAME = "$(TARGET_NAME)";
				WRAPPER_EXTENSION = app;
			};
			name = Debug;
		};
		9407ABD513D73C2A004C6B10 /* Release */ = {
			isa = XCBuildConfiguration;
			buildSettings = {
				GCC_PRECOMPILE_PREFIX_HEADER = YES;
				GCC_PREFIX_HEADER = "VerticalTableView/VerticalTableView-Prefix.pch";
				INFOPLIST_FILE = "VerticalTableView/VerticalTableView-Info.plist";
				PRODUCT_NAME = "$(TARGET_NAME)";
				WRAPPER_EXTENSION = app;
			};
			name = Release;
		};
/* End XCBuildConfiguration section */

/* Begin XCConfigurationList section */
		9407ABAE13D73C2A004C6B10 /* Build configuration list for PBXProject "VerticalTableView" */ = {
			isa = XCConfigurationList;
			buildConfigurations = (
				9407ABD113D73C2A004C6B10 /* Debug */,
				9407ABD213D73C2A004C6B10 /* Release */,
			);
			defaultConfigurationIsVisible = 0;
			defaultConfigurationName = Release;
		};
		9407ABD313D73C2A004C6B10 /* Build configuration list for PBXNativeTarget "VerticalTableView" */ = {
			isa = XCConfigurationList;
			buildConfigurations = (
				9407ABD413D73C2A004C6B10 /* Debug */,
				9407ABD513D73C2A004C6B10 /* Release */,
			);
			defaultConfigurationIsVisible = 0;
		};
/* End XCConfigurationList section */
	};
	rootObject = 9407ABAB13D73C2A004C6B10 /* Project object */;
}
